{
  "name": "i3-shade",
  "version": "0.2.2",
  "lockfileVersion": 2,
  "requires": true,
  "packages": {
    "": {
      "name": "i3-shade",
      "version": "0.2.2",
      "license": "ISC",
      "dependencies": {
        "i3": "^0.3.0",
        "minimist": "^1.2.5"
      },
      "bin": {
        "i3-shade": "src/index.js"
      }
    },
    "node_modules/fastqueue": {
      "version": "0.1.0",
      "resolved": "https://registry.npmjs.org/fastqueue/-/fastqueue-0.1.0.tgz",
      "integrity": "sha1-bGkQFrOAYYZHbusFpxe6u49jPBk="
    },
    "node_modules/i3": {
      "version": "0.3.0",
      "resolved": "https://registry.npmjs.org/i3/-/i3-0.3.0.tgz",
      "integrity": "sha512-ah8PIhkNZ3roZqd3oUDPy2BcXyeDqa6pxLmicWtKbTo6xNfF3WPOWsbf8BwxszpI+PHgz2P/v2b9p7dYg8sOxA==",
      "dependencies": {
        "fastqueue": "~0.1.0"
      }
    },
    "node_modules/minimist": {
      "version": "1.2.5",
      "resolved": "https://registry.npmjs.org/minimist/-/minimist-1.2.5.tgz",
      "integrity": "sha512-FM9nNUYrRBAELZQT3xeZQ7fmMOBg6nWNmJKTcgsJeaLstP/UODVpGsr5OhXhhXg6f+qtJ8uiZ+PUxkDWcgIXLw=="
    }
  },
  "dependencies": {
    "fastqueue": {
      "version": "0.1.0",
      "resolved": "https://registry.npmjs.org/fastqueue/-/fastqueue-0.1.0.tgz",
      "integrity": "sha1-bGkQFrOAYYZHbusFpxe6u49jPBk="
    },
    "i3": {
      "version": "0.3.0",
      "resolved": "https://registry.npmjs.org/i3/-/i3-0.3.0.tgz",
      "integrity": "sha512-ah8PIhkNZ3roZqd3oUDPy2BcXyeDqa6pxLmicWtKbTo6xNfF3WPOWsbf8BwxszpI+PHgz2P/v2b9p7dYg8sOxA==",
      "requires": {
        "fastqueue": "~0.1.0"
      }
    },
    "minimist": {
      "version": "1.2.5",
      "resolved": "https://registry.npmjs.org/minimist/-/minimist-1.2.5.tgz",
      "integrity": "sha512-FM9nNUYrRBAELZQT3xeZQ7fmMOBg6nWNmJKTcgsJeaLstP/UODVpGsr5OhXhhXg6f+qtJ8uiZ+PUxkDWcgIXLw=="
    }
  }
}
